
Microsoft Visual Studio Solution File, Format Version 12.00
# Visual Studio Version 17
VisualStudioVersion = 17.7.34031.279
MinimumVisualStudioVersion = 10.0.40219.1
Project("{FAE04EC0-301F-11D3-BF4B-00C04F79EFBC}") = "Prog_122_L9_ListBoxes_ComboBoxes", "Prog_122_L9_ListBoxes_ComboBoxes.csproj", "{A209F3AB-00D4-4107-BC9B-416F1460B294}"
EndProject
Global
	GlobalSection(SolutionConfigurationPlatforms) = preSolution
		Debug|Any CPU = Debug|Any CPU
		Release|Any CPU = Release|Any CPU
	EndGlobalSection
	GlobalSection(ProjectConfigurationPlatforms) = postSolution
		{A209F3AB-00D4-4107-BC9B-416F1460B294}.Debug|Any CPU.ActiveCfg = Debug|Any CPU
		{A209F3AB-00D4-4107-BC9B-416F1460B294}.Debug|Any CPU.Build.0 = Debug|Any CPU
		{A209F3AB-00D4-4107-BC9B-416F1460B294}.Release|Any CPU.ActiveCfg = Release|Any CPU
		{A209F3AB-00D4-4107-BC9B-416F1460B294}.Release|Any CPU.Build.0 = Release|Any CPU
	EndGlobalSection
	GlobalSection(SolutionProperties) = preSolution
		HideSolutionNode = FALSE
	EndGlobalSection
	GlobalSection(ExtensibilityGlobals) = postSolution
		SolutionGuid = {1C551719-68C6-48D4-A24F-7FE30C81CB5A}
	EndGlobalSection
EndGlobal
